// !$*UTF8*$!
{
	archiveVersion = 1;
	classes = {
	};
	objectVersion = 46;
	objects = {

/* Begin PBXBuildFile section */
		28416FB11B1CF70A0013476E /* SyncthingObjects.swift in Sources */ = {isa = PBXBuildFile; fileRef = 28416FB01B1CF70A0013476E /* SyncthingObjects.swift */; };
		28416FB51B1D13670013476E /* README.md in Sources */ = {isa = PBXBuildFile; fileRef = 28416FB41B1D13670013476E /* README.md */; };
		289601111B04F4B100F7B8C0 /* AppDelegate.swift in Sources */ = {isa = PBXBuildFile; fileRef = 289601101B04F4B100F7B8C0 /* AppDelegate.swift */; };
		289601131B04F4B100F7B8C0 /* ViewController.swift in Sources */ = {isa = PBXBuildFile; fileRef = 289601121B04F4B100F7B8C0 /* ViewController.swift */; };
		289601151B04F4B100F7B8C0 /* Images.xcassets in Resources */ = {isa = PBXBuildFile; fileRef = 289601141B04F4B100F7B8C0 /* Images.xcassets */; };
		289601181B04F4B100F7B8C0 /* Main.storyboard in Resources */ = {isa = PBXBuildFile; fileRef = 289601161B04F4B100F7B8C0 /* Main.storyboard */; };
		289601241B04F4B100F7B8C0 /* Syncthing_GUITests.swift in Sources */ = {isa = PBXBuildFile; fileRef = 289601231B04F4B100F7B8C0 /* Syncthing_GUITests.swift */; };
		2896012E1B04F64200F7B8C0 /* RestApi.swift in Sources */ = {isa = PBXBuildFile; fileRef = 2896012D1B04F64200F7B8C0 /* RestApi.swift */; };
		28C068951B1F184300D71DA2 /* FolderViewController.swift in Sources */ = {isa = PBXBuildFile; fileRef = 28C068931B1F184300D71DA2 /* FolderViewController.swift */; };
		28C068961B1F184300D71DA2 /* FolderViewController.xib in Resources */ = {isa = PBXBuildFile; fileRef = 28C068941B1F184300D71DA2 /* FolderViewController.xib */; };
		E3EEDE418256028A30F62D7E /* Pods.framework in Frameworks */ = {isa = PBXBuildFile; fileRef = E03BEC06D14A93E840BACE34 /* Pods.framework */; settings = {ATTRIBUTES = (Weak, ); }; };
/* End PBXBuildFile section */

/* Begin PBXContainerItemProxy section */
		2896011E1B04F4B100F7B8C0 /* PBXContainerItemProxy */ = {
			isa = PBXContainerItemProxy;
			containerPortal = 289601031B04F4B100F7B8C0 /* Project object */;
			proxyType = 1;
			remoteGlobalIDString = 2896010A1B04F4B100F7B8C0;
			remoteInfo = "Syncthing GUI";
		};
/* End PBXContainerItemProxy section */

/* Begin PBXFileReference section */
		28416FB01B1CF70A0013476E /* SyncthingObjects.swift */ = {isa = PBXFileReference; fileEncoding = 4; lastKnownFileType = sourcecode.swift; path = SyncthingObjects.swift; sourceTree = "<group>"; };
		28416FB41B1D13670013476E /* README.md */ = {isa = PBXFileReference; fileEncoding = 4; lastKnownFileType = net.daringfireball.markdown; path = README.md; sourceTree = "<group>"; };
		2896010B1B04F4B100F7B8C0 /* Syncthing GUI.app */ = {isa = PBXFileReference; explicitFileType = wrapper.application; includeInIndex = 0; path = "Syncthing GUI.app"; sourceTree = BUILT_PRODUCTS_DIR; };
		2896010F1B04F4B100F7B8C0 /* Info.plist */ = {isa = PBXFileReference; lastKnownFileType = text.plist.xml; path = Info.plist; sourceTree = "<group>"; };
		289601101B04F4B100F7B8C0 /* AppDelegate.swift */ = {isa = PBXFileReference; lastKnownFileType = sourcecode.swift; path = AppDelegate.swift; sourceTree = "<group>"; };
		289601121B04F4B100F7B8C0 /* ViewController.swift */ = {isa = PBXFileReference; lastKnownFileType = sourcecode.swift; path = ViewController.swift; sourceTree = "<group>"; };
		289601141B04F4B100F7B8C0 /* Images.xcassets */ = {isa = PBXFileReference; lastKnownFileType = folder.assetcatalog; path = Images.xcassets; sourceTree = "<group>"; };
		289601171B04F4B100F7B8C0 /* Base */ = {isa = PBXFileReference; lastKnownFileType = file.storyboard; name = Base; path = Base.lproj/Main.storyboard; sourceTree = "<group>"; };
		2896011D1B04F4B100F7B8C0 /* Syncthing GUITests.xctest */ = {isa = PBXFileReference; explicitFileType = wrapper.cfbundle; includeInIndex = 0; path = "Syncthing GUITests.xctest"; sourceTree = BUILT_PRODUCTS_DIR; };
		289601221B04F4B100F7B8C0 /* Info.plist */ = {isa = PBXFileReference; lastKnownFileType = text.plist.xml; path = Info.plist; sourceTree = "<group>"; };
		289601231B04F4B100F7B8C0 /* Syncthing_GUITests.swift */ = {isa = PBXFileReference; lastKnownFileType = sourcecode.swift; path = Syncthing_GUITests.swift; sourceTree = "<group>"; };
		2896012D1B04F64200F7B8C0 /* RestApi.swift */ = {isa = PBXFileReference; fileEncoding = 4; lastKnownFileType = sourcecode.swift; path = RestApi.swift; sourceTree = "<group>"; };
		289601451B0512CF00F7B8C0 /* SwiftyJSON.framework */ = {isa = PBXFileReference; lastKnownFileType = wrapper.framework; name = SwiftyJSON.framework; path = "../../../Downloads/SwiftyJSON-master/build/Debug/SwiftyJSON.framework"; sourceTree = "<group>"; };
		28C068931B1F184300D71DA2 /* FolderViewController.swift */ = {isa = PBXFileReference; fileEncoding = 4; lastKnownFileType = sourcecode.swift; path = FolderViewController.swift; sourceTree = "<group>"; };
		28C068941B1F184300D71DA2 /* FolderViewController.xib */ = {isa = PBXFileReference; fileEncoding = 4; lastKnownFileType = file.xib; path = FolderViewController.xib; sourceTree = "<group>"; };
		50BE4DB0317C33951683760B /* Pods.debug.xcconfig */ = {isa = PBXFileReference; includeInIndex = 1; lastKnownFileType = text.xcconfig; name = Pods.debug.xcconfig; path = "Pods/Target Support Files/Pods/Pods.debug.xcconfig"; sourceTree = "<group>"; };
		85AD70C55ED11C1E9CA202C8 /* Pods.release.xcconfig */ = {isa = PBXFileReference; includeInIndex = 1; lastKnownFileType = text.xcconfig; name = Pods.release.xcconfig; path = "Pods/Target Support Files/Pods/Pods.release.xcconfig"; sourceTree = "<group>"; };
		E03BEC06D14A93E840BACE34 /* Pods.framework */ = {isa = PBXFileReference; explicitFileType = wrapper.framework; includeInIndex = 0; path = Pods.framework; sourceTree = BUILT_PRODUCTS_DIR; };
/* End PBXFileReference section */

/* Begin PBXFrameworksBuildPhase section */
		289601081B04F4B100F7B8C0 /* Frameworks */ = {
			isa = PBXFrameworksBuildPhase;
			buildActionMask = 2147483647;
			files = (
				E3EEDE418256028A30F62D7E /* Pods.framework in Frameworks */,
			);
			runOnlyForDeploymentPostprocessing = 0;
		};
		2896011A1B04F4B100F7B8C0 /* Frameworks */ = {
			isa = PBXFrameworksBuildPhase;
			buildActionMask = 2147483647;
			files = (
			);
			runOnlyForDeploymentPostprocessing = 0;
		};
/* End PBXFrameworksBuildPhase section */

/* Begin PBXGroup section */
		289601021B04F4B100F7B8C0 = {
			isa = PBXGroup;
			children = (
				28416FB41B1D13670013476E /* README.md */,
				2896010D1B04F4B100F7B8C0 /* Syncthing GUI */,
				289601201B04F4B100F7B8C0 /* Syncthing GUITests */,
				2896010C1B04F4B100F7B8C0 /* Products */,
				6CEF6B541EC2DD74CC6326CF /* Pods */,
				2CAD2DFB68A1CC25C2E8E8A2 /* Frameworks */,
			);
			sourceTree = "<group>";
		};
		2896010C1B04F4B100F7B8C0 /* Products */ = {
			isa = PBXGroup;
			children = (
				2896010B1B04F4B100F7B8C0 /* Syncthing GUI.app */,
				2896011D1B04F4B100F7B8C0 /* Syncthing GUITests.xctest */,
			);
			name = Products;
			sourceTree = "<group>";
		};
		2896010D1B04F4B100F7B8C0 /* Syncthing GUI */ = {
			isa = PBXGroup;
			children = (
				289601101B04F4B100F7B8C0 /* AppDelegate.swift */,
				2896012D1B04F64200F7B8C0 /* RestApi.swift */,
				28416FB01B1CF70A0013476E /* SyncthingObjects.swift */,
				289601121B04F4B100F7B8C0 /* ViewController.swift */,
				289601141B04F4B100F7B8C0 /* Images.xcassets */,
				289601161B04F4B100F7B8C0 /* Main.storyboard */,
				28C068931B1F184300D71DA2 /* FolderViewController.swift */,
				28C068941B1F184300D71DA2 /* FolderViewController.xib */,
				2896010E1B04F4B100F7B8C0 /* Supporting Files */,
			);
			path = "Syncthing GUI";
			sourceTree = "<group>";
		};
		2896010E1B04F4B100F7B8C0 /* Supporting Files */ = {
			isa = PBXGroup;
			children = (
				2896010F1B04F4B100F7B8C0 /* Info.plist */,
			);
			name = "Supporting Files";
			sourceTree = "<group>";
		};
		289601201B04F4B100F7B8C0 /* Syncthing GUITests */ = {
			isa = PBXGroup;
			children = (
				289601231B04F4B100F7B8C0 /* Syncthing_GUITests.swift */,
				289601211B04F4B100F7B8C0 /* Supporting Files */,
			);
			path = "Syncthing GUITests";
			sourceTree = "<group>";
		};
		289601211B04F4B100F7B8C0 /* Supporting Files */ = {
			isa = PBXGroup;
			children = (
				289601221B04F4B100F7B8C0 /* Info.plist */,
			);
			name = "Supporting Files";
			sourceTree = "<group>";
		};
		2CAD2DFB68A1CC25C2E8E8A2 /* Frameworks */ = {
			isa = PBXGroup;
			children = (
				289601451B0512CF00F7B8C0 /* SwiftyJSON.framework */,
				E03BEC06D14A93E840BACE34 /* Pods.framework */,
			);
			name = Frameworks;
			sourceTree = "<group>";
		};
		6CEF6B541EC2DD74CC6326CF /* Pods */ = {
			isa = PBXGroup;
			children = (
				50BE4DB0317C33951683760B /* Pods.debug.xcconfig */,
				85AD70C55ED11C1E9CA202C8 /* Pods.release.xcconfig */,
			);
			name = Pods;
			sourceTree = "<group>";
		};
/* End PBXGroup section */

/* Begin PBXNativeTarget section */
		2896010A1B04F4B100F7B8C0 /* Syncthing GUI */ = {
			isa = PBXNativeTarget;
			buildConfigurationList = 289601271B04F4B100F7B8C0 /* Build configuration list for PBXNativeTarget "Syncthing GUI" */;
			buildPhases = (
				E914B2E34FE610BB96B8DB59 /* Check Pods Manifest.lock */,
				289601071B04F4B100F7B8C0 /* Sources */,
				289601081B04F4B100F7B8C0 /* Frameworks */,
				289601091B04F4B100F7B8C0 /* Resources */,
				3550A40C0B4D6B7A069C8AEC /* Embed Pods Frameworks */,
				270F844FC327EF9C22141697 /* Copy Pods Resources */,
			);
			buildRules = (
			);
			dependencies = (
			);
			name = "Syncthing GUI";
			productName = "Syncthing GUI";
			productReference = 2896010B1B04F4B100F7B8C0 /* Syncthing GUI.app */;
			productType = "com.apple.product-type.application";
		};
		2896011C1B04F4B100F7B8C0 /* Syncthing GUITests */ = {
			isa = PBXNativeTarget;
			buildConfigurationList = 2896012A1B04F4B100F7B8C0 /* Build configuration list for PBXNativeTarget "Syncthing GUITests" */;
			buildPhases = (
				289601191B04F4B100F7B8C0 /* Sources */,
				2896011A1B04F4B100F7B8C0 /* Frameworks */,
				2896011B1B04F4B100F7B8C0 /* Resources */,
			);
			buildRules = (
			);
			dependencies = (
				2896011F1B04F4B100F7B8C0 /* PBXTargetDependency */,
			);
			name = "Syncthing GUITests";
			productName = "Syncthing GUITests";
			productReference = 2896011D1B04F4B100F7B8C0 /* Syncthing GUITests.xctest */;
			productType = "com.apple.product-type.bundle.unit-test";
		};
/* End PBXNativeTarget section */

/* Begin PBXProject section */
		289601031B04F4B100F7B8C0 /* Project object */ = {
			isa = PBXProject;
			attributes = {
				LastUpgradeCheck = 0630;
				ORGANIZATIONNAME = "Alexandre Jouandin";
				TargetAttributes = {
					2896010A1B04F4B100F7B8C0 = {
						CreatedOnToolsVersion = 6.3.1;
					};
					2896011C1B04F4B100F7B8C0 = {
						CreatedOnToolsVersion = 6.3.1;
						TestTargetID = 2896010A1B04F4B100F7B8C0;
					};
				};
			};
			buildConfigurationList = 289601061B04F4B100F7B8C0 /* Build configuration list for PBXProject "Syncthing GUI" */;
			compatibilityVersion = "Xcode 3.2";
			developmentRegion = English;
			hasScannedForEncodings = 0;
			knownRegions = (
				en,
				Base,
			);
			mainGroup = 289601021B04F4B100F7B8C0;
			productRefGroup = 2896010C1B04F4B100F7B8C0 /* Products */;
			projectDirPath = "";
			projectRoot = "";
			targets = (
				2896010A1B04F4B100F7B8C0 /* Syncthing GUI */,
				2896011C1B04F4B100F7B8C0 /* Syncthing GUITests */,
			);
		};
/* End PBXProject section */

/* Begin PBXResourcesBuildPhase section */
		289601091B04F4B100F7B8C0 /* Resources */ = {
			isa = PBXResourcesBuildPhase;
			buildActionMask = 2147483647;
			files = (
				28C068961B1F184300D71DA2 /* FolderViewController.xib in Resources */,
				289601151B04F4B100F7B8C0 /* Images.xcassets in Resources */,
				289601181B04F4B100F7B8C0 /* Main.storyboard in Resources */,
			);
			runOnlyForDeploymentPostprocessing = 0;
		};
		2896011B1B04F4B100F7B8C0 /* Resources */ = {
			isa = PBXResourcesBuildPhase;
			buildActionMask = 2147483647;
			files = (
			);
			runOnlyForDeploymentPostprocessing = 0;
		};
/* End PBXResourcesBuildPhase section */

/* Begin PBXShellScriptBuildPhase section */
		270F844FC327EF9C22141697 /* Copy Pods Resources */ = {
			isa = PBXShellScriptBuildPhase;
			buildActionMask = 2147483647;
			files = (
			);
			inputPaths = (
			);
			name = "Copy Pods Resources";
			outputPaths = (
			);
			runOnlyForDeploymentPostprocessing = 0;
			shellPath = /bin/sh;
			shellScript = "\"${SRCROOT}/Pods/Target Support Files/Pods/Pods-resources.sh\"\n";
			showEnvVarsInLog = 0;
		};
		3550A40C0B4D6B7A069C8AEC /* Embed Pods Frameworks */ = {
			isa = PBXShellScriptBuildPhase;
			buildActionMask = 2147483647;
			files = (
			);
			inputPaths = (
			);
			name = "Embed Pods Frameworks";
			outputPaths = (
			);
			runOnlyForDeploymentPostprocessing = 0;
			shellPath = /bin/sh;
			shellScript = "\"${SRCROOT}/Pods/Target Support Files/Pods/Pods-frameworks.sh\"\n";
			showEnvVarsInLog = 0;
		};
		E914B2E34FE610BB96B8DB59 /* Check Pods Manifest.lock */ = {
			isa = PBXShellScriptBuildPhase;
			buildActionMask = 2147483647;
			files = (
			);
			inputPaths = (
			);
			name = "Check Pods Manifest.lock";
			outputPaths = (
			);
			runOnlyForDeploymentPostprocessing = 0;
			shellPath = /bin/sh;
			shellScript = "diff \"${PODS_ROOT}/../Podfile.lock\" \"${PODS_ROOT}/Manifest.lock\" > /dev/null\nif [[ $? != 0 ]] ; then\n    cat << EOM\nerror: The sandbox is not in sync with the Podfile.lock. Run 'pod install' or update your CocoaPods installation.\nEOM\n    exit 1\nfi\n";
			showEnvVarsInLog = 0;
		};
/* End PBXShellScriptBuildPhase section */

/* Begin PBXSourcesBuildPhase section */
		289601071B04F4B100F7B8C0 /* Sources */ = {
			isa = PBXSourcesBuildPhase;
			buildActionMask = 2147483647;
			files = (
				289601131B04F4B100F7B8C0 /* ViewController.swift in Sources */,
				289601111B04F4B100F7B8C0 /* AppDelegate.swift in Sources */,
				28C068951B1F184300D71DA2 /* FolderViewController.swift in Sources */,
				28416FB51B1D13670013476E /* README.md in Sources */,
				28416FB11B1CF70A0013476E /* SyncthingObjects.swift in Sources */,
				2896012E1B04F64200F7B8C0 /* RestApi.swift in Sources */,
			);
			runOnlyForDeploymentPostprocessing = 0;
		};
		289601191B04F4B100F7B8C0 /* Sources */ = {
			isa = PBXSourcesBuildPhase;
			buildActionMask = 2147483647;
			files = (
				289601241B04F4B100F7B8C0 /* Syncthing_GUITests.swift in Sources */,
			);
			runOnlyForDeploymentPostprocessing = 0;
		};
/* End PBXSourcesBuildPhase section */

/* Begin PBXTargetDependency section */
		2896011F1B04F4B100F7B8C0 /* PBXTargetDependency */ = {
			isa = PBXTargetDependency;
			target = 2896010A1B04F4B100F7B8C0 /* Syncthing GUI */;
			targetProxy = 2896011E1B04F4B100F7B8C0 /* PBXContainerItemProxy */;
		};
/* End PBXTargetDependency section */

/* Begin PBXVariantGroup section */
		289601161B04F4B100F7B8C0 /* Main.storyboard */ = {
			isa = PBXVariantGroup;
			children = (
				289601171B04F4B100F7B8C0 /* Base */,
			);
			name = Main.storyboard;
			sourceTree = "<group>";
		};
/* End PBXVariantGroup section */

/* Begin XCBuildConfiguration section */
		289601251B04F4B100F7B8C0 /* Debug */ = {
			isa = XCBuildConfiguration;
			buildSettings = {
				ALWAYS_SEARCH_USER_PATHS = NO;
				CLANG_CXX_LANGUAGE_STANDARD = "gnu++0x";
				CLANG_CXX_LIBRARY = "libc++";
				CLANG_ENABLE_MODULES = YES;
				CLANG_ENABLE_OBJC_ARC = YES;
				CLANG_WARN_BOOL_CONVERSION = YES;
				CLANG_WARN_CONSTANT_CONVERSION = YES;
				CLANG_WARN_DIRECT_OBJC_ISA_USAGE = YES_ERROR;
				CLANG_WARN_EMPTY_BODY = YES;
				CLANG_WARN_ENUM_CONVERSION = YES;
				CLANG_WARN_INT_CONVERSION = YES;
				CLANG_WARN_OBJC_ROOT_CLASS = YES_ERROR;
				CLANG_WARN_UNREACHABLE_CODE = YES;
				CLANG_WARN__DUPLICATE_METHOD_MATCH = YES;
				CODE_SIGN_IDENTITY = "-";
				COPY_PHASE_STRIP = NO;
				DEBUG_INFORMATION_FORMAT = dwarf;
				ENABLE_STRICT_OBJC_MSGSEND = YES;
				GCC_C_LANGUAGE_STANDARD = gnu99;
				GCC_DYNAMIC_NO_PIC = NO;
				GCC_NO_COMMON_BLOCKS = YES;
				GCC_OPTIMIZATION_LEVEL = 0;
				GCC_PREPROCESSOR_DEFINITIONS = (
					"DEBUG=1",
					"$(inherited)",
				);
				GCC_SYMBOLS_PRIVATE_EXTERN = NO;
				GCC_WARN_64_TO_32_BIT_CONVERSION = YES;
				GCC_WARN_ABOUT_RETURN_TYPE = YES_ERROR;
				GCC_WARN_UNDECLARED_SELECTOR = YES;
				GCC_WARN_UNINITIALIZED_AUTOS = YES_AGGRESSIVE;
				GCC_WARN_UNUSED_FUNCTION = YES;
				GCC_WARN_UNUSED_VARIABLE = YES;
				MACOSX_DEPLOYMENT_TARGET = 10.10;
				MTL_ENABLE_DEBUG_INFO = YES;
				ONLY_ACTIVE_ARCH = YES;
				SDKROOT = macosx;
				SWIFT_OPTIMIZATION_LEVEL = "-Onone";
			};
			name = Debug;
		};
		289601261B04F4B100F7B8C0 /* Release */ = {
			isa = XCBuildConfiguration;
			buildSettings = {
				ALWAYS_SEARCH_USER_PATHS = NO;
				CLANG_CXX_LANGUAGE_STANDARD = "gnu++0x";
				CLANG_CXX_LIBRARY = "libc++";
				CLANG_ENABLE_MODULES = YES;
				CLANG_ENABLE_OBJC_ARC = YES;
				CLANG_WARN_BOOL_CONVERSION = YES;
				CLANG_WARN_CONSTANT_CONVERSION = YES;
				CLANG_WARN_DIRECT_OBJC_ISA_USAGE = YES_ERROR;
				CLANG_WARN_EMPTY_BODY = YES;
				CLANG_WARN_ENUM_CONVERSION = YES;
				CLANG_WARN_INT_CONVERSION = YES;
				CLANG_WARN_OBJC_ROOT_CLASS = YES_ERROR;
				CLANG_WARN_UNREACHABLE_CODE = YES;
				CLANG_WARN__DUPLICATE_METHOD_MATCH = YES;
				CODE_SIGN_IDENTITY = "-";
				COPY_PHASE_STRIP = NO;
				DEBUG_INFORMATION_FORMAT = "dwarf-with-dsym";
				ENABLE_NS_ASSERTIONS = NO;
				ENABLE_STRICT_OBJC_MSGSEND = YES;
				GCC_C_LANGUAGE_STANDARD = gnu99;
				GCC_NO_COMMON_BLOCKS = YES;
				GCC_WARN_64_TO_32_BIT_CONVERSION = YES;
				GCC_WARN_ABOUT_RETURN_TYPE = YES_ERROR;
				GCC_WARN_UNDECLARED_SELECTOR = YES;
				GCC_WARN_UNINITIALIZED_AUTOS = YES_AGGRESSIVE;
				GCC_WARN_UNUSED_FUNCTION = YES;
				GCC_WARN_UNUSED_VARIABLE = YES;
				MACOSX_DEPLOYMENT_TARGET = 10.10;
				MTL_ENABLE_DEBUG_INFO = NO;
				SDKROOT = macosx;
			};
			name = Release;
		};
		289601281B04F4B100F7B8C0 /* Debug */ = {
			isa = XCBuildConfiguration;
			baseConfigurationReference = 50BE4DB0317C33951683760B /* Pods.debug.xcconfig */;
			buildSettings = {
				ASSETCATALOG_COMPILER_APPICON_NAME = AppIcon;
				COMBINE_HIDPI_IMAGES = YES;
				FRAMEWORK_SEARCH_PATHS = (
					"$(inherited)",
					"/Users/alexandrejouandin/Downloads/SwiftyJSON-master/build/Debug",
				);
				INFOPLIST_FILE = "Syncthing GUI/Info.plist";
				LD_RUNPATH_SEARCH_PATHS = "$(inherited) @executable_path/../Frameworks";
				PRODUCT_NAME = "$(TARGET_NAME)";
			};
			name = Debug;
		};
		289601291B04F4B100F7B8C0 /* Release */ = {
			isa = XCBuildConfiguration;
			baseConfigurationReference = 85AD70C55ED11C1E9CA202C8 /* Pods.release.xcconfig */;
			buildSettings = {
				ASSETCATALOG_COMPILER_APPICON_NAME = AppIcon;
				COMBINE_HIDPI_IMAGES = YES;
				FRAMEWORK_SEARCH_PATHS = (
					"$(inherited)",
					"/Users/alexandrejouandin/Downloads/SwiftyJSON-master/build/Debug",
				);
				INFOPLIST_FILE = "Syncthing GUI/Info.plist";
				LD_RUNPATH_SEARCH_PATHS = "$(inherited) @executable_path/../Frameworks";
				PRODUCT_NAME = "$(TARGET_NAME)";
			};
			name = Release;
		};
		2896012B1B04F4B100F7B8C0 /* Debug */ = {
			isa = XCBuildConfiguration;
			buildSettings = {
				BUNDLE_LOADER = "$(TEST_HOST)";
				COMBINE_HIDPI_IMAGES = YES;
				FRAMEWORK_SEARCH_PATHS = (
					"$(DEVELOPER_FRAMEWORKS_DIR)",
					"$(inherited)",
				);
				GCC_PREPROCESSOR_DEFINITIONS = (
					"DEBUG=1",
					"$(inherited)",
				);
				INFOPLIST_FILE = "Syncthing GUITests/Info.plist";
				LD_RUNPATH_SEARCH_PATHS = "$(inherited) @executable_path/../Frameworks @loader_path/../Frameworks";
				PRODUCT_NAME = "$(TARGET_NAME)";
				TEST_HOST = "$(BUILT_PRODUCTS_DIR)/Syncthing GUI.app/Contents/MacOS/Syncthing GUI";
			};
			name = Debug;
		};
		2896012C1B04F4B100F7B8C0 /* Release */ = {
			isa = XCBuildConfiguration;
			buildSettings = {
				BUNDLE_LOADER = "$(TEST_HOST)";
				COMBINE_HIDPI_IMAGES = YES;
				FRAMEWORK_SEARCH_PATHS = (
					"$(DEVELOPER_FRAMEWORKS_DIR)",
					"$(inherited)",
				);
				INFOPLIST_FILE = "Syncthing GUITests/Info.plist";
				LD_RUNPATH_SEARCH_PATHS = "$(inherited) @executable_path/../Frameworks @loader_path/../Frameworks";
				PRODUCT_NAME = "$(TARGET_NAME)";
				TEST_HOST = "$(BUILT_PRODUCTS_DIR)/Syncthing GUI.app/Contents/MacOS/Syncthing GUI";
			};
			name = Release;
		};
/* End XCBuildConfiguration section */

/* Begin XCConfigurationList section */
		289601061B04F4B100F7B8C0 /* Build configuration list for PBXProject "Syncthing GUI" */ = {
			isa = XCConfigurationList;
			buildConfigurations = (
				289601251B04F4B100F7B8C0 /* Debug */,
				289601261B04F4B100F7B8C0 /* Release */,
			);
			defaultConfigurationIsVisible = 0;
			defaultConfigurationName = Release;
		};
		289601271B04F4B100F7B8C0 /* Build configuration list for PBXNativeTarget "Syncthing GUI" */ = {
			isa = XCConfigurationList;
			buildConfigurations = (
				289601281B04F4B100F7B8C0 /* Debug */,
				289601291B04F4B100F7B8C0 /* Release */,
			);
			defaultConfigurationIsVisible = 0;
			defaultConfigurationName = Release;
		};
		2896012A1B04F4B100F7B8C0 /* Build configuration list for PBXNativeTarget "Syncthing GUITests" */ = {
			isa = XCConfigurationList;
			buildConfigurations = (
				2896012B1B04F4B100F7B8C0 /* Debug */,
				2896012C1B04F4B100F7B8C0 /* Release */,
			);
			defaultConfigurationIsVisible = 0;
			defaultConfigurationName = Release;
		};
/* End XCConfigurationList section */
	};
	rootObject = 289601031B04F4B100F7B8C0 /* Project object */;
}
